// !$*UTF8*$!
{
	archiveVersion = 1;
	classes = {
	};
	objectVersion = 50;
	objects = {

/* Begin PBXBuildFile section */
		EC03E5A626CD91B800E087F9 /* Comic.swift in Sources */ = {isa = PBXBuildFile; fileRef = EC03E5A526CD91B800E087F9 /* Comic.swift */; };
		EC084FD426D045130048AEFD /* Marvel_AppUITests.swift in Sources */ = {isa = PBXBuildFile; fileRef = EC084FD326D045130048AEFD /* Marvel_AppUITests.swift */; };
		EC12553A26D1D9CC00071FEC /* Marvel_Icon.png in Resources */ = {isa = PBXBuildFile; fileRef = EC12553926D1D9CC00071FEC /* Marvel_Icon.png */; };
		EC9D377926CC961A00EF220E /* AppDelegate.swift in Sources */ = {isa = PBXBuildFile; fileRef = EC9D377826CC961A00EF220E /* AppDelegate.swift */; };
		EC9D377B26CC961A00EF220E /* SceneDelegate.swift in Sources */ = {isa = PBXBuildFile; fileRef = EC9D377A26CC961A00EF220E /* SceneDelegate.swift */; };
		EC9D377D26CC961A00EF220E /* ViewController.swift in Sources */ = {isa = PBXBuildFile; fileRef = EC9D377C26CC961A00EF220E /* ViewController.swift */; };
		EC9D378026CC961A00EF220E /* Main.storyboard in Resources */ = {isa = PBXBuildFile; fileRef = EC9D377E26CC961A00EF220E /* Main.storyboard */; };
		EC9D378226CC961E00EF220E /* Assets.xcassets in Resources */ = {isa = PBXBuildFile; fileRef = EC9D378126CC961E00EF220E /* Assets.xcassets */; };
		EC9D378526CC961E00EF220E /* LaunchScreen.storyboard in Resources */ = {isa = PBXBuildFile; fileRef = EC9D378326CC961E00EF220E /* LaunchScreen.storyboard */; };
		ECAF219226D01B1900B15420 /* Marvel_AppTests.swift in Sources */ = {isa = PBXBuildFile; fileRef = ECAF219126D01B1900B15420 /* Marvel_AppTests.swift */; };
		ECD4012D26D3EA18008E5546 /* Marvel_Logo.png in Resources */ = {isa = PBXBuildFile; fileRef = ECD4012C26D3EA18008E5546 /* Marvel_Logo.png */; };
/* End PBXBuildFile section */

/* Begin PBXContainerItemProxy section */
		EC084FD626D045130048AEFD /* PBXContainerItemProxy */ = {
			isa = PBXContainerItemProxy;
			containerPortal = EC9D376D26CC961900EF220E /* Project object */;
			proxyType = 1;
			remoteGlobalIDString = EC9D377426CC961900EF220E;
			remoteInfo = "Marvel App";
		};
		ECAF219426D01B1900B15420 /* PBXContainerItemProxy */ = {
			isa = PBXContainerItemProxy;
			containerPortal = EC9D376D26CC961900EF220E /* Project object */;
			proxyType = 1;
			remoteGlobalIDString = EC9D377426CC961900EF220E;
			remoteInfo = "Marvel App";
		};
/* End PBXContainerItemProxy section */

/* Begin PBXFileReference section */
		EC03E5A526CD91B800E087F9 /* Comic.swift */ = {isa = PBXFileReference; lastKnownFileType = sourcecode.swift; path = Comic.swift; sourceTree = "<group>"; };
		EC084FD126D045130048AEFD /* Marvel AppUITests.xctest */ = {isa = PBXFileReference; explicitFileType = wrapper.cfbundle; includeInIndex = 0; path = "Marvel AppUITests.xctest"; sourceTree = BUILT_PRODUCTS_DIR; };
		EC084FD326D045130048AEFD /* Marvel_AppUITests.swift */ = {isa = PBXFileReference; lastKnownFileType = sourcecode.swift; path = Marvel_AppUITests.swift; sourceTree = "<group>"; };
		EC084FD526D045130048AEFD /* Info.plist */ = {isa = PBXFileReference; lastKnownFileType = text.plist.xml; path = Info.plist; sourceTree = "<group>"; };
		EC12553926D1D9CC00071FEC /* Marvel_Icon.png */ = {isa = PBXFileReference; lastKnownFileType = image.png; name = Marvel_Icon.png; path = AppIconImages/Marvel_Icon.png; sourceTree = SOURCE_ROOT; };
		EC9D377526CC961A00EF220E /* Marvel App.app */ = {isa = PBXFileReference; explicitFileType = wrapper.application; includeInIndex = 0; path = "Marvel App.app"; sourceTree = BUILT_PRODUCTS_DIR; };
		EC9D377826CC961A00EF220E /* AppDelegate.swift */ = {isa = PBXFileReference; lastKnownFileType = sourcecode.swift; path = AppDelegate.swift; sourceTree = "<group>"; };
		EC9D377A26CC961A00EF220E /* SceneDelegate.swift */ = {isa = PBXFileReference; lastKnownFileType = sourcecode.swift; path = SceneDelegate.swift; sourceTree = "<group>"; };
		EC9D377C26CC961A00EF220E /* ViewController.swift */ = {isa = PBXFileReference; lastKnownFileType = sourcecode.swift; path = ViewController.swift; sourceTree = "<group>"; };
		EC9D377F26CC961A00EF220E /* Base */ = {isa = PBXFileReference; lastKnownFileType = file.storyboard; name = Base; path = Base.lproj/Main.storyboard; sourceTree = "<group>"; };
		EC9D378126CC961E00EF220E /* Assets.xcassets */ = {isa = PBXFileReference; lastKnownFileType = folder.assetcatalog; path = Assets.xcassets; sourceTree = "<group>"; };
		EC9D378426CC961E00EF220E /* Base */ = {isa = PBXFileReference; lastKnownFileType = file.storyboard; name = Base; path = Base.lproj/LaunchScreen.storyboard; sourceTree = "<group>"; };
		EC9D378626CC961E00EF220E /* Info.plist */ = {isa = PBXFileReference; lastKnownFileType = text.plist.xml; path = Info.plist; sourceTree = "<group>"; };
		ECAF218F26D01B1900B15420 /* Marvel AppTests.xctest */ = {isa = PBXFileReference; explicitFileType = wrapper.cfbundle; includeInIndex = 0; path = "Marvel AppTests.xctest"; sourceTree = BUILT_PRODUCTS_DIR; };
		ECAF219126D01B1900B15420 /* Marvel_AppTests.swift */ = {isa = PBXFileReference; lastKnownFileType = sourcecode.swift; path = Marvel_AppTests.swift; sourceTree = "<group>"; };
		ECAF219326D01B1900B15420 /* Info.plist */ = {isa = PBXFileReference; lastKnownFileType = text.plist.xml; path = Info.plist; sourceTree = "<group>"; };
		ECD4012C26D3EA18008E5546 /* Marvel_Logo.png */ = {isa = PBXFileReference; lastKnownFileType = image.png; name = Marvel_Logo.png; path = AppIconImages/Marvel_Logo.png; sourceTree = SOURCE_ROOT; };
/* End PBXFileReference section */

/* Begin PBXFrameworksBuildPhase section */
		EC084FCE26D045130048AEFD /* Frameworks */ = {
			isa = PBXFrameworksBuildPhase;
			buildActionMask = 2147483647;
			files = (
			);
			runOnlyForDeploymentPostprocessing = 0;
		};
		EC9D377226CC961900EF220E /* Frameworks */ = {
			isa = PBXFrameworksBuildPhase;
			buildActionMask = 2147483647;
			files = (
			);
			runOnlyForDeploymentPostprocessing = 0;
		};
		ECAF218C26D01B1900B15420 /* Frameworks */ = {
			isa = PBXFrameworksBuildPhase;
			buildActionMask = 2147483647;
			files = (
			);
			runOnlyForDeploymentPostprocessing = 0;
		};
/* End PBXFrameworksBuildPhase section */

/* Begin PBXGroup section */
		EC084FD226D045130048AEFD /* Marvel AppUITests */ = {
			isa = PBXGroup;
			children = (
				EC084FD326D045130048AEFD /* Marvel_AppUITests.swift */,
				EC084FD526D045130048AEFD /* Info.plist */,
			);
			path = "Marvel AppUITests";
			sourceTree = "<group>";
		};
		EC9D376C26CC961900EF220E = {
			isa = PBXGroup;
			children = (
				EC9D377726CC961A00EF220E /* Marvel App */,
				ECAF219026D01B1900B15420 /* Marvel AppTests */,
				EC084FD226D045130048AEFD /* Marvel AppUITests */,
				EC9D377626CC961A00EF220E /* Products */,
			);
			sourceTree = "<group>";
		};
		EC9D377626CC961A00EF220E /* Products */ = {
			isa = PBXGroup;
			children = (
				EC9D377526CC961A00EF220E /* Marvel App.app */,
				ECAF218F26D01B1900B15420 /* Marvel AppTests.xctest */,
				EC084FD126D045130048AEFD /* Marvel AppUITests.xctest */,
			);
			name = Products;
			sourceTree = "<group>";
		};
		EC9D377726CC961A00EF220E /* Marvel App */ = {
			isa = PBXGroup;
			children = (
				EC9D377826CC961A00EF220E /* AppDelegate.swift */,
				EC9D377A26CC961A00EF220E /* SceneDelegate.swift */,
				EC9D377C26CC961A00EF220E /* ViewController.swift */,
				EC03E5A526CD91B800E087F9 /* Comic.swift */,
				EC9D377E26CC961A00EF220E /* Main.storyboard */,
				EC9D378126CC961E00EF220E /* Assets.xcassets */,
				EC9D378326CC961E00EF220E /* LaunchScreen.storyboard */,
				ECD4012C26D3EA18008E5546 /* Marvel_Logo.png */,
				EC12553926D1D9CC00071FEC /* Marvel_Icon.png */,
				EC9D378626CC961E00EF220E /* Info.plist */,
			);
			path = "Marvel App";
			sourceTree = "<group>";
		};
		ECAF219026D01B1900B15420 /* Marvel AppTests */ = {
			isa = PBXGroup;
			children = (
				ECAF219126D01B1900B15420 /* Marvel_AppTests.swift */,
				ECAF219326D01B1900B15420 /* Info.plist */,
			);
			path = "Marvel AppTests";
			sourceTree = "<group>";
		};
/* End PBXGroup section */

/* Begin PBXNativeTarget section */
		EC084FD026D045130048AEFD /* Marvel AppUITests */ = {
			isa = PBXNativeTarget;
			buildConfigurationList = EC084FDA26D045130048AEFD /* Build configuration list for PBXNativeTarget "Marvel AppUITests" */;
			buildPhases = (
				EC084FCD26D045130048AEFD /* Sources */,
				EC084FCE26D045130048AEFD /* Frameworks */,
				EC084FCF26D045130048AEFD /* Resources */,
			);
			buildRules = (
			);
			dependencies = (
				EC084FD726D045130048AEFD /* PBXTargetDependency */,
			);
			name = "Marvel AppUITests";
			productName = "Marvel AppUITests";
			productReference = EC084FD126D045130048AEFD /* Marvel AppUITests.xctest */;
			productType = "com.apple.product-type.bundle.ui-testing";
		};
		EC9D377426CC961900EF220E /* Marvel App */ = {
			isa = PBXNativeTarget;
			buildConfigurationList = EC9D378926CC961E00EF220E /* Build configuration list for PBXNativeTarget "Marvel App" */;
			buildPhases = (
				EC9D377126CC961900EF220E /* Sources */,
				EC9D377226CC961900EF220E /* Frameworks */,
				EC9D377326CC961900EF220E /* Resources */,
			);
			buildRules = (
			);
			dependencies = (
			);
			name = "Marvel App";
			productName = "Marvel App";
			productReference = EC9D377526CC961A00EF220E /* Marvel App.app */;
			productType = "com.apple.product-type.application";
		};
		ECAF218E26D01B1900B15420 /* Marvel AppTests */ = {
			isa = PBXNativeTarget;
			buildConfigurationList = ECAF219826D01B1900B15420 /* Build configuration list for PBXNativeTarget "Marvel AppTests" */;
			buildPhases = (
				ECAF218B26D01B1900B15420 /* Sources */,
				ECAF218C26D01B1900B15420 /* Frameworks */,
				ECAF218D26D01B1900B15420 /* Resources */,
			);
			buildRules = (
			);
			dependencies = (
				ECAF219526D01B1900B15420 /* PBXTargetDependency */,
			);
			name = "Marvel AppTests";
			productName = "Marvel AppTests";
			productReference = ECAF218F26D01B1900B15420 /* Marvel AppTests.xctest */;
			productType = "com.apple.product-type.bundle.unit-test";
		};
/* End PBXNativeTarget section */

/* Begin PBXProject section */
		EC9D376D26CC961900EF220E /* Project object */ = {
			isa = PBXProject;
			attributes = {
				LastSwiftUpdateCheck = 1240;
				LastUpgradeCheck = 1240;
				TargetAttributes = {
					EC084FD026D045130048AEFD = {
						CreatedOnToolsVersion = 12.4;
						TestTargetID = EC9D377426CC961900EF220E;
					};
					EC9D377426CC961900EF220E = {
						CreatedOnToolsVersion = 12.4;
					};
					ECAF218E26D01B1900B15420 = {
						CreatedOnToolsVersion = 12.4;
						TestTargetID = EC9D377426CC961900EF220E;
					};
				};
			};
			buildConfigurationList = EC9D377026CC961900EF220E /* Build configuration list for PBXProject "Marvel App" */;
			compatibilityVersion = "Xcode 9.3";
			developmentRegion = en;
			hasScannedForEncodings = 0;
			knownRegions = (
				en,
				Base,
			);
			mainGroup = EC9D376C26CC961900EF220E;
			productRefGroup = EC9D377626CC961A00EF220E /* Products */;
			projectDirPath = "";
			projectRoot = "";
			targets = (
				EC9D377426CC961900EF220E /* Marvel App */,
				ECAF218E26D01B1900B15420 /* Marvel AppTests */,
				EC084FD026D045130048AEFD /* Marvel AppUITests */,
			);
		};
/* End PBXProject section */

/* Begin PBXResourcesBuildPhase section */
		EC084FCF26D045130048AEFD /* Resources */ = {
			isa = PBXResourcesBuildPhase;
			buildActionMask = 2147483647;
			files = (
			);
			runOnlyForDeploymentPostprocessing = 0;
		};
		EC9D377326CC961900EF220E /* Resources */ = {
			isa = PBXResourcesBuildPhase;
			buildActionMask = 2147483647;
			files = (
				EC9D378526CC961E00EF220E /* LaunchScreen.storyboard in Resources */,
				ECD4012D26D3EA18008E5546 /* Marvel_Logo.png in Resources */,
				EC12553A26D1D9CC00071FEC /* Marvel_Icon.png in Resources */,
				EC9D378226CC961E00EF220E /* Assets.xcassets in Resources */,
				EC9D378026CC961A00EF220E /* Main.storyboard in Resources */,
			);
			runOnlyForDeploymentPostprocessing = 0;
		};
		ECAF218D26D01B1900B15420 /* Resources */ = {
			isa = PBXResourcesBuildPhase;
			buildActionMask = 2147483647;
			files = (
			);
			runOnlyForDeploymentPostprocessing = 0;
		};
/* End PBXResourcesBuildPhase section */

/* Begin PBXSourcesBuildPhase section */
		EC084FCD26D045130048AEFD /* Sources */ = {
			isa = PBXSourcesBuildPhase;
			buildActionMask = 2147483647;
			files = (
				EC084FD426D045130048AEFD /* Marvel_AppUITests.swift in Sources */,
			);
			runOnlyForDeploymentPostprocessing = 0;
		};
		EC9D377126CC961900EF220E /* Sources */ = {
			isa = PBXSourcesBuildPhase;
			buildActionMask = 2147483647;
			files = (
				EC9D377D26CC961A00EF220E /* ViewController.swift in Sources */,
				EC03E5A626CD91B800E087F9 /* Comic.swift in Sources */,
				EC9D377926CC961A00EF220E /* AppDelegate.swift in Sources */,
				EC9D377B26CC961A00EF220E /* SceneDelegate.swift in Sources */,
			);
			runOnlyForDeploymentPostprocessing = 0;
		};
		ECAF218B26D01B1900B15420 /* Sources */ = {
			isa = PBXSourcesBuildPhase;
			buildActionMask = 2147483647;
			files = (
				ECAF219226D01B1900B15420 /* Marvel_AppTests.swift in Sources */,
			);
			runOnlyForDeploymentPostprocessing = 0;
		};
/* End PBXSourcesBuildPhase section */

/* Begin PBXTargetDependency section */
		EC084FD726D045130048AEFD /* PBXTargetDependency */ = {
			isa = PBXTargetDependency;
			target = EC9D377426CC961900EF220E /* Marvel App */;
			targetProxy = EC084FD626D045130048AEFD /* PBXContainerItemProxy */;
		};
		ECAF219526D01B1900B15420 /* PBXTargetDependency */ = {
			isa = PBXTargetDependency;
			target = EC9D377426CC961900EF220E /* Marvel App */;
			targetProxy = ECAF219426D01B1900B15420 /* PBXContainerItemProxy */;
		};
/* End PBXTargetDependency section */

/* Begin PBXVariantGroup section */
		EC9D377E26CC961A00EF220E /* Main.storyboard */ = {
			isa = PBXVariantGroup;
			children = (
				EC9D377F26CC961A00EF220E /* Base */,
			);
			name = Main.storyboard;
			sourceTree = "<group>";
		};
		EC9D378326CC961E00EF220E /* LaunchScreen.storyboard */ = {
			isa = PBXVariantGroup;
			children = (
				EC9D378426CC961E00EF220E /* Base */,
			);
			name = LaunchScreen.storyboard;
			sourceTree = "<group>";
		};
/* End PBXVariantGroup section */

/* Begin XCBuildConfiguration section */
		EC084FD826D045130048AEFD /* Debug */ = {
			isa = XCBuildConfiguration;
			buildSettings = {
				CODE_SIGN_STYLE = Automatic;
				INFOPLIST_FILE = "Marvel AppUITests/Info.plist";
				LD_RUNPATH_SEARCH_PATHS = (
					"$(inherited)",
					"@executable_path/Frameworks",
					"@loader_path/Frameworks",
				);
				PRODUCT_BUNDLE_IDENTIFIER = "com.Chaudhry-Fizza.Marvel-AppUITests";
				PRODUCT_NAME = "$(TARGET_NAME)";
				SWIFT_VERSION = 5.0;
				TARGETED_DEVICE_FAMILY = "1,2";
				TEST_TARGET_NAME = "Marvel App";
			};
			name = Debug;
		};
		EC084FD926D045130048AEFD /* Release */ = {
			isa = XCBuildConfiguration;
			buildSettings = {
				CODE_SIGN_STYLE = Automatic;
				INFOPLIST_FILE = "Marvel AppUITests/Info.plist";
				LD_RUNPATH_SEARCH_PATHS = (
					"$(inherited)",
					"@executable_path/Frameworks",
					"@loader_path/Frameworks",
				);
				PRODUCT_BUNDLE_IDENTIFIER = "com.Chaudhry-Fizza.Marvel-AppUITests";
				PRODUCT_NAME = "$(TARGET_NAME)";
				SWIFT_VERSION = 5.0;
				TARGETED_DEVICE_FAMILY = "1,2";
				TEST_TARGET_NAME = "Marvel App";
			};
			name = Release;
		};
		EC9D378726CC961E00EF220E /* Debug */ = {
			isa = XCBuildConfiguration;
			buildSettings = {
				ALWAYS_SEARCH_USER_PATHS = NO;
				CLANG_ANALYZER_NONNULL = YES;
				CLANG_ANALYZER_NUMBER_OBJECT_CONVERSION = YES_AGGRESSIVE;
				CLANG_CXX_LANGUAGE_STANDARD = "gnu++14";
				CLANG_CXX_LIBRARY = "libc++";
				CLANG_ENABLE_MODULES = YES;
				CLANG_ENABLE_OBJC_ARC = YES;
				CLANG_ENABLE_OBJC_WEAK = YES;
				CLANG_WARN_BLOCK_CAPTURE_AUTORELEASING = YES;
				CLANG_WARN_BOOL_CONVERSION = YES;
				CLANG_WARN_COMMA = YES;
				CLANG_WARN_CONSTANT_CONVERSION = YES;
				CLANG_WARN_DEPRECATED_OBJC_IMPLEMENTATIONS = YES;
				CLANG_WARN_DIRECT_OBJC_ISA_USAGE = YES_ERROR;
				CLANG_WARN_DOCUMENTATION_COMMENTS = YES;
				CLANG_WARN_EMPTY_BODY = YES;
				CLANG_WARN_ENUM_CONVERSION = YES;
				CLANG_WARN_INFINITE_RECURSION = YES;
				CLANG_WARN_INT_CONVERSION = YES;
				CLANG_WARN_NON_LITERAL_NULL_CONVERSION = YES;
				CLANG_WARN_OBJC_IMPLICIT_RETAIN_SELF = YES;
				CLANG_WARN_OBJC_LITERAL_CONVERSION = YES;
				CLANG_WARN_OBJC_ROOT_CLASS = YES_ERROR;
				CLANG_WARN_QUOTED_INCLUDE_IN_FRAMEWORK_HEADER = YES;
				CLANG_WARN_RANGE_LOOP_ANALYSIS = YES;
				CLANG_WARN_STRICT_PROTOTYPES = YES;
				CLANG_WARN_SUSPICIOUS_MOVE = YES;
				CLANG_WARN_UNGUARDED_AVAILABILITY = YES_AGGRESSIVE;
				CLANG_WARN_UNREACHABLE_CODE = YES;
				CLANG_WARN__DUPLICATE_METHOD_MATCH = YES;
				COPY_PHASE_STRIP = NO;
				DEBUG_INFORMATION_FORMAT = dwarf;
				ENABLE_STRICT_OBJC_MSGSEND = YES;
				ENABLE_TESTABILITY = YES;
				GCC_C_LANGUAGE_STANDARD = gnu11;
				GCC_DYNAMIC_NO_PIC = NO;
				GCC_NO_COMMON_BLOCKS = YES;
				GCC_OPTIMIZATION_LEVEL = 0;
				GCC_PREPROCESSOR_DEFINITIONS = (
					"DEBUG=1",
					"$(inherited)",
				);
				GCC_WARN_64_TO_32_BIT_CONVERSION = YES;
				GCC_WARN_ABOUT_RETURN_TYPE = YES_ERROR;
				GCC_WARN_UNDECLARED_SELECTOR = YES;
				GCC_WARN_UNINITIALIZED_AUTOS = YES_AGGRESSIVE;
				GCC_WARN_UNUSED_FUNCTION = YES;
				GCC_WARN_UNUSED_VARIABLE = YES;
				IPHONEOS_DEPLOYMENT_TARGET = 14.4;
				MTL_ENABLE_DEBUG_INFO = INCLUDE_SOURCE;
				MTL_FAST_MATH = YES;
				ONLY_ACTIVE_ARCH = YES;
				SDKROOT = iphoneos;
				SWIFT_ACTIVE_COMPILATION_CONDITIONS = DEBUG;
				SWIFT_OPTIMIZATION_LEVEL = "-Onone";
			};
			name = Debug;
		};
		EC9D378826CC961E00EF220E /* Release */ = {
			isa = XCBuildConfiguration;
			buildSettings = {
				ALWAYS_SEARCH_USER_PATHS = NO;
				CLANG_ANALYZER_NONNULL = YES;
				CLANG_ANALYZER_NUMBER_OBJECT_CONVERSION = YES_AGGRESSIVE;
				CLANG_CXX_LANGUAGE_STANDARD = "gnu++14";
				CLANG_CXX_LIBRARY = "libc++";
				CLANG_ENABLE_MODULES = YES;
				CLANG_ENABLE_OBJC_ARC = YES;
				CLANG_ENABLE_OBJC_WEAK = YES;
				CLANG_WARN_BLOCK_CAPTURE_AUTORELEASING = YES;
				CLANG_WARN_BOOL_CONVERSION = YES;
				CLANG_WARN_COMMA = YES;
				CLANG_WARN_CONSTANT_CONVERSION = YES;
				CLANG_WARN_DEPRECATED_OBJC_IMPLEMENTATIONS = YES;
				CLANG_WARN_DIRECT_OBJC_ISA_USAGE = YES_ERROR;
				CLANG_WARN_DOCUMENTATION_COMMENTS = YES;
				CLANG_WARN_EMPTY_BODY = YES;
				CLANG_WARN_ENUM_CONVERSION = YES;
				CLANG_WARN_INFINITE_RECURSION = YES;
				CLANG_WARN_INT_CONVERSION = YES;
				CLANG_WARN_NON_LITERAL_NULL_CONVERSION = YES;
				CLANG_WARN_OBJC_IMPLICIT_RETAIN_SELF = YES;
				CLANG_WARN_OBJC_LITERAL_CONVERSION = YES;
				CLANG_WARN_OBJC_ROOT_CLASS = YES_ERROR;
				CLANG_WARN_QUOTED_INCLUDE_IN_FRAMEWORK_HEADER = YES;
				CLANG_WARN_RANGE_LOOP_ANALYSIS = YES;
				CLANG_WARN_STRICT_PROTOTYPES = YES;
				CLANG_WARN_SUSPICIOUS_MOVE = YES;
				CLANG_WARN_UNGUARDED_AVAILABILITY = YES_AGGRESSIVE;
				CLANG_WARN_UNREACHABLE_CODE = YES;
				CLANG_WARN__DUPLICATE_METHOD_MATCH = YES;
				COPY_PHASE_STRIP = NO;
				DEBUG_INFORMATION_FORMAT = "dwarf-with-dsym";
				ENABLE_NS_ASSERTIONS = NO;
				ENABLE_STRICT_OBJC_MSGSEND = YES;
				GCC_C_LANGUAGE_STANDARD = gnu11;
				GCC_NO_COMMON_BLOCKS = YES;
				GCC_WARN_64_TO_32_BIT_CONVERSION = YES;
				GCC_WARN_ABOUT_RETURN_TYPE = YES_ERROR;
				GCC_WARN_UNDECLARED_SELECTOR = YES;
				GCC_WARN_UNINITIALIZED_AUTOS = YES_AGGRESSIVE;
				GCC_WARN_UNUSED_FUNCTION = YES;
				GCC_WARN_UNUSED_VARIABLE = YES;
				IPHONEOS_DEPLOYMENT_TARGET = 14.4;
				MTL_ENABLE_DEBUG_INFO = NO;
				MTL_FAST_MATH = YES;
				SDKROOT = iphoneos;
				SWIFT_COMPILATION_MODE = wholemodule;
				SWIFT_OPTIMIZATION_LEVEL = "-O";
				VALIDATE_PRODUCT = YES;
			};
			name = Release;
		};
		EC9D378A26CC961E00EF220E /* Debug */ = {
			isa = XCBuildConfiguration;
			buildSettings = {
				ASSETCATALOG_COMPILER_APPICON_NAME = AppIcon;
				ASSETCATALOG_COMPILER_GLOBAL_ACCENT_COLOR_NAME = AccentColor;
				CODE_SIGN_STYLE = Manual;
				DEVELOPMENT_TEAM = "";
				INFOPLIST_FILE = "Marvel App/Info.plist";
				IPHONEOS_DEPLOYMENT_TARGET = 14.4;
				LD_RUNPATH_SEARCH_PATHS = (
					"$(inherited)",
					"@executable_path/Frameworks",
				);
				PRODUCT_BUNDLE_IDENTIFIER = "com.Chaudhry-Fizza.Marvel-App";
				PRODUCT_NAME = "$(TARGET_NAME)";
				PROVISIONING_PROFILE_SPECIFIER = "";
				SWIFT_VERSION = 5.0;
				TARGETED_DEVICE_FAMILY = 1;
			};
			name = Debug;
		};
		EC9D378B26CC961E00EF220E /* Release */ = {
			isa = XCBuildConfiguration;
			buildSettings = {
				ASSETCATALOG_COMPILER_APPICON_NAME = AppIcon;
				ASSETCATALOG_COMPILER_GLOBAL_ACCENT_COLOR_NAME = AccentColor;
				CODE_SIGN_STYLE = Manual;
				DEVELOPMENT_TEAM = "";
				INFOPLIST_FILE = "Marvel App/Info.plist";
				IPHONEOS_DEPLOYMENT_TARGET = 14.4;
				LD_RUNPATH_SEARCH_PATHS = (
					"$(inherited)",
					"@executable_path/Frameworks",
				);
				PRODUCT_BUNDLE_IDENTIFIER = "com.Chaudhry-Fizza.Marvel-App";
				PRODUCT_NAME = "$(TARGET_NAME)";
				PROVISIONING_PROFILE_SPECIFIER = "";
				SWIFT_VERSION = 5.0;
				TARGETED_DEVICE_FAMILY = 1;
			};
			name = Release;
		};
		ECAF219626D01B1900B15420 /* Debug */ = {
			isa = XCBuildConfiguration;
			buildSettings = {
				BUNDLE_LOADER = "$(TEST_HOST)";
				CODE_SIGN_STYLE = Automatic;
				INFOPLIST_FILE = "Marvel AppTests/Info.plist";
				LD_RUNPATH_SEARCH_PATHS = (
					"$(inherited)",
					"@executable_path/Frameworks",
					"@loader_path/Frameworks",
				);
				PRODUCT_BUNDLE_IDENTIFIER = "com.Chaudhry-Fizza.Marvel-AppTests";
				PRODUCT_NAME = "$(TARGET_NAME)";
				SWIFT_VERSION = 5.0;
				TARGETED_DEVICE_FAMILY = "1,2";
				TEST_HOST = "$(BUILT_PRODUCTS_DIR)/Marvel App.app/Marvel App";
			};
			name = Debug;
		};
		ECAF219726D01B1900B15420 /* Release */ = {
			isa = XCBuildConfiguration;
			buildSettings = {
				BUNDLE_LOADER = "$(TEST_HOST)";
				CODE_SIGN_STYLE = Automatic;
				INFOPLIST_FILE = "Marvel AppTests/Info.plist";
				LD_RUNPATH_SEARCH_PATHS = (
					"$(inherited)",
					"@executable_path/Frameworks",
					"@loader_path/Frameworks",
				);
				PRODUCT_BUNDLE_IDENTIFIER = "com.Chaudhry-Fizza.Marvel-AppTests";
				PRODUCT_NAME = "$(TARGET_NAME)";
				SWIFT_VERSION = 5.0;
				TARGETED_DEVICE_FAMILY = "1,2";
				TEST_HOST = "$(BUILT_PRODUCTS_DIR)/Marvel App.app/Marvel App";
			};
			name = Release;
		};
/* End XCBuildConfiguration section */

/* Begin XCConfigurationList section */
		EC084FDA26D045130048AEFD /* Build configuration list for PBXNativeTarget "Marvel AppUITests" */ = {
			isa = XCConfigurationList;
			buildConfigurations = (
				EC084FD826D045130048AEFD /* Debug */,
				EC084FD926D045130048AEFD /* Release */,
			);
			defaultConfigurationIsVisible = 0;
			defaultConfigurationName = Release;
		};
		EC9D377026CC961900EF220E /* Build configuration list for PBXProject "Marvel App" */ = {
			isa = XCConfigurationList;
			buildConfigurations = (
				EC9D378726CC961E00EF220E /* Debug */,
				EC9D378826CC961E00EF220E /* Release */,
			);
			defaultConfigurationIsVisible = 0;
			defaultConfigurationName = Release;
		};
		EC9D378926CC961E00EF220E /* Build configuration list for PBXNativeTarget "Marvel App" */ = {
			isa = XCConfigurationList;
			buildConfigurations = (
				EC9D378A26CC961E00EF220E /* Debug */,
				EC9D378B26CC961E00EF220E /* Release */,
			);
			defaultConfigurationIsVisible = 0;
			defaultConfigurationName = Release;
		};
		ECAF219826D01B1900B15420 /* Build configuration list for PBXNativeTarget "Marvel AppTests" */ = {
			isa = XCConfigurationList;
			buildConfigurations = (
				ECAF219626D01B1900B15420 /* Debug */,
				ECAF219726D01B1900B15420 /* Release */,
			);
			defaultConfigurationIsVisible = 0;
			defaultConfigurationName = Release;
		};
/* End XCConfigurationList section */
	};
	rootObject = EC9D376D26CC961900EF220E /* Project object */;
}
